
Microsoft Visual Studio Solution File, Format Version 12.00
# Visual Studio Version 17
VisualStudioVersion = 17.5.002.0
MinimumVisualStudioVersion = 10.0.40219.1
Project("{9A19103F-16F7-4668-BE54-9A1E7A4F7556}") = "tl1-proyectofinal2024-Jasimus", "tl1-proyectofinal2024-Jasimus.csproj", "{4DBCF6BE-2C7B-4CF8-B41B-AF497A446CA9}"
EndProject
Global
	GlobalSection(SolutionConfigurationPlatforms) = preSolution
		Debug|Any CPU = Debug|Any CPU
		Release|Any CPU = Release|Any CPU
	EndGlobalSection
	GlobalSection(ProjectConfigurationPlatforms) = postSolution
		{4DBCF6BE-2C7B-4CF8-B41B-AF497A446CA9}.Debug|Any CPU.ActiveCfg = Debug|Any CPU
		{4DBCF6BE-2C7B-4CF8-B41B-AF497A446CA9}.Debug|Any CPU.Build.0 = Debug|Any CPU
		{4DBCF6BE-2C7B-4CF8-B41B-AF497A446CA9}.Release|Any CPU.ActiveCfg = Release|Any CPU
		{4DBCF6BE-2C7B-4CF8-B41B-AF497A446CA9}.Release|Any CPU.Build.0 = Release|Any CPU
	EndGlobalSection
	GlobalSection(SolutionProperties) = preSolution
		HideSolutionNode = FALSE
	EndGlobalSection
	GlobalSection(ExtensibilityGlobals) = postSolution
		SolutionGuid = {713B96D4-D1BF-4463-803D-42650EAE4534}
	EndGlobalSection
EndGlobal
